
Microsoft Visual Studio Solution File, Format Version 12.00
# Visual Studio Version 16
VisualStudioVersion = 16.0.30523.141
MinimumVisualStudioVersion = 10.0.40219.1
Project("{9A19103F-16F7-4668-BE54-9A1E7A4F7556}") = "Fipe.Api", "Fipe\Fipe.Api.csproj", "{29578F42-AB88-457C-89D7-A406B59B93DE}"
EndProject
Project("{2150E333-8FDC-42A3-9474-1A3956D46DE8}") = "Api", "Api", "{3FD9F3E2-79AE-4992-8EA2-06542EB5F5F3}"
EndProject
Project("{2150E333-8FDC-42A3-9474-1A3956D46DE8}") = "Application", "Application", "{CBE0B5CA-97AB-4E94-B053-C730EA5C035A}"
EndProject
Project("{2150E333-8FDC-42A3-9474-1A3956D46DE8}") = "Data", "Data", "{CF169197-A2F8-4ED2-A8D0-DAD06C671FD3}"
EndProject
Project("{2150E333-8FDC-42A3-9474-1A3956D46DE8}") = "Integration", "Integration", "{C12E1AB9-BC13-4190-A2CD-50E64D53CB75}"
EndProject
Project("{9A19103F-16F7-4668-BE54-9A1E7A4F7556}") = "Fipe.Application", "Fipe.Application\Fipe.Application.csproj", "{B5871BB2-703B-44A1-ACB9-884BC2F76134}"
EndProject
Project("{9A19103F-16F7-4668-BE54-9A1E7A4F7556}") = "Fipe.Data", "Fipe.Data\Fipe.Data.csproj", "{F6B1108F-B7DB-4196-9347-988B26B31937}"
EndProject
Project("{9A19103F-16F7-4668-BE54-9A1E7A4F7556}") = "Fipe.Integration", "Fipe.Integration\Fipe.Integration.csproj", "{F06B76BA-52DF-49D0-B823-36DB8FAD19B0}"
EndProject
Project("{2150E333-8FDC-42A3-9474-1A3956D46DE8}") = "Generics", "Generics", "{C5620D74-A369-4096-874B-3BDE114E0EF7}"
EndProject
Project("{FAE04EC0-301F-11D3-BF4B-00C04F79EFBC}") = "Fipe.Generics", "Fipe.Generics\Fipe.Generics.csproj", "{C6AB071B-5173-421F-85BC-ED85D2F1F0BD}"
EndProject
Global
	GlobalSection(SolutionConfigurationPlatforms) = preSolution
		Debug|Any CPU = Debug|Any CPU
		Release|Any CPU = Release|Any CPU
	EndGlobalSection
	GlobalSection(ProjectConfigurationPlatforms) = postSolution
		{29578F42-AB88-457C-89D7-A406B59B93DE}.Debug|Any CPU.ActiveCfg = Debug|Any CPU
		{29578F42-AB88-457C-89D7-A406B59B93DE}.Debug|Any CPU.Build.0 = Debug|Any CPU
		{29578F42-AB88-457C-89D7-A406B59B93DE}.Release|Any CPU.ActiveCfg = Release|Any CPU
		{29578F42-AB88-457C-89D7-A406B59B93DE}.Release|Any CPU.Build.0 = Release|Any CPU
		{B5871BB2-703B-44A1-ACB9-884BC2F76134}.Debug|Any CPU.ActiveCfg = Debug|Any CPU
		{B5871BB2-703B-44A1-ACB9-884BC2F76134}.Debug|Any CPU.Build.0 = Debug|Any CPU
		{B5871BB2-703B-44A1-ACB9-884BC2F76134}.Release|Any CPU.ActiveCfg = Release|Any CPU
		{B5871BB2-703B-44A1-ACB9-884BC2F76134}.Release|Any CPU.Build.0 = Release|Any CPU
		{F6B1108F-B7DB-4196-9347-988B26B31937}.Debug|Any CPU.ActiveCfg = Debug|Any CPU
		{F6B1108F-B7DB-4196-9347-988B26B31937}.Debug|Any CPU.Build.0 = Debug|Any CPU
		{F6B1108F-B7DB-4196-9347-988B26B31937}.Release|Any CPU.ActiveCfg = Release|Any CPU
		{F6B1108F-B7DB-4196-9347-988B26B31937}.Release|Any CPU.Build.0 = Release|Any CPU
		{F06B76BA-52DF-49D0-B823-36DB8FAD19B0}.Debug|Any CPU.ActiveCfg = Debug|Any CPU
		{F06B76BA-52DF-49D0-B823-36DB8FAD19B0}.Debug|Any CPU.Build.0 = Debug|Any CPU
		{F06B76BA-52DF-49D0-B823-36DB8FAD19B0}.Release|Any CPU.ActiveCfg = Release|Any CPU
		{F06B76BA-52DF-49D0-B823-36DB8FAD19B0}.Release|Any CPU.Build.0 = Release|Any CPU
		{C6AB071B-5173-421F-85BC-ED85D2F1F0BD}.Debug|Any CPU.ActiveCfg = Debug|Any CPU
		{C6AB071B-5173-421F-85BC-ED85D2F1F0BD}.Debug|Any CPU.Build.0 = Debug|Any CPU
		{C6AB071B-5173-421F-85BC-ED85D2F1F0BD}.Release|Any CPU.ActiveCfg = Release|Any CPU
		{C6AB071B-5173-421F-85BC-ED85D2F1F0BD}.Release|Any CPU.Build.0 = Release|Any CPU
	EndGlobalSection
	GlobalSection(SolutionProperties) = preSolution
		HideSolutionNode = FALSE
	EndGlobalSection
	GlobalSection(NestedProjects) = preSolution
		{29578F42-AB88-457C-89D7-A406B59B93DE} = {3FD9F3E2-79AE-4992-8EA2-06542EB5F5F3}
		{B5871BB2-703B-44A1-ACB9-884BC2F76134} = {CBE0B5CA-97AB-4E94-B053-C730EA5C035A}
		{F6B1108F-B7DB-4196-9347-988B26B31937} = {CF169197-A2F8-4ED2-A8D0-DAD06C671FD3}
		{F06B76BA-52DF-49D0-B823-36DB8FAD19B0} = {C12E1AB9-BC13-4190-A2CD-50E64D53CB75}
		{C6AB071B-5173-421F-85BC-ED85D2F1F0BD} = {C5620D74-A369-4096-874B-3BDE114E0EF7}
	EndGlobalSection
	GlobalSection(ExtensibilityGlobals) = postSolution
		SolutionGuid = {5A1CB83A-B0E9-4F43-9EBC-BD08478954C5}
	EndGlobalSection
EndGlobal
