
Microsoft Visual Studio Solution File, Format Version 12.00
# Visual Studio Version 16
VisualStudioVersion = 16.0.30523.141
MinimumVisualStudioVersion = 10.0.40219.1
Project("{FAE04EC0-301F-11D3-BF4B-00C04F79EFBC}") = "Fipe.Api", "Fipe\Fipe.Api.csproj", "{29578F42-AB88-457C-89D7-A406B59B93DE}"
EndProject
Project("{2150E333-8FDC-42A3-9474-1A3956D46DE8}") = "Api", "Api", "{3FD9F3E2-79AE-4992-8EA2-06542EB5F5F3}"
EndProject
Project("{2150E333-8FDC-42A3-9474-1A3956D46DE8}") = "Application", "Application", "{77CCA813-E1E3-4870-870C-41888608B478}"
EndProject
Project("{FAE04EC0-301F-11D3-BF4B-00C04F79EFBC}") = "Fipe.Application", "Fipe\Fipe.Application\Fipe.Application.csproj", "{27F0C067-F635-42B4-8BC4-B154A21C70D7}"
EndProject
Project("{2150E333-8FDC-42A3-9474-1A3956D46DE8}") = "Data", "Data", "{2E9ACE51-8759-4B27-8236-58A8AF3A0147}"
EndProject
Project("{FAE04EC0-301F-11D3-BF4B-00C04F79EFBC}") = "Fipe.Data", "Fipe.Data\Fipe.Data.csproj", "{DB99F991-FB9C-4849-9C4F-03D70B656D4C}"
EndProject
Project("{2150E333-8FDC-42A3-9474-1A3956D46DE8}") = "Integration", "Integration", "{E72D477F-242D-4495-9F53-F0D4B4CBE490}"
EndProject
Project("{FAE04EC0-301F-11D3-BF4B-00C04F79EFBC}") = "Fipe.Integration", "Fipe.Integration\Fipe.Integration.csproj", "{73D6C634-BDE5-4818-B7CB-2E9250EE2B12}"
EndProject
Global
	GlobalSection(SolutionConfigurationPlatforms) = preSolution
		Debug|Any CPU = Debug|Any CPU
		Release|Any CPU = Release|Any CPU
	EndGlobalSection
	GlobalSection(ProjectConfigurationPlatforms) = postSolution
		{29578F42-AB88-457C-89D7-A406B59B93DE}.Debug|Any CPU.ActiveCfg = Debug|Any CPU
		{29578F42-AB88-457C-89D7-A406B59B93DE}.Debug|Any CPU.Build.0 = Debug|Any CPU
		{29578F42-AB88-457C-89D7-A406B59B93DE}.Release|Any CPU.ActiveCfg = Release|Any CPU
		{29578F42-AB88-457C-89D7-A406B59B93DE}.Release|Any CPU.Build.0 = Release|Any CPU
		{27F0C067-F635-42B4-8BC4-B154A21C70D7}.Debug|Any CPU.ActiveCfg = Debug|Any CPU
		{27F0C067-F635-42B4-8BC4-B154A21C70D7}.Debug|Any CPU.Build.0 = Debug|Any CPU
		{27F0C067-F635-42B4-8BC4-B154A21C70D7}.Release|Any CPU.ActiveCfg = Release|Any CPU
		{27F0C067-F635-42B4-8BC4-B154A21C70D7}.Release|Any CPU.Build.0 = Release|Any CPU
		{DB99F991-FB9C-4849-9C4F-03D70B656D4C}.Debug|Any CPU.ActiveCfg = Debug|Any CPU
		{DB99F991-FB9C-4849-9C4F-03D70B656D4C}.Debug|Any CPU.Build.0 = Debug|Any CPU
		{DB99F991-FB9C-4849-9C4F-03D70B656D4C}.Release|Any CPU.ActiveCfg = Release|Any CPU
		{DB99F991-FB9C-4849-9C4F-03D70B656D4C}.Release|Any CPU.Build.0 = Release|Any CPU
		{73D6C634-BDE5-4818-B7CB-2E9250EE2B12}.Debug|Any CPU.ActiveCfg = Debug|Any CPU
		{73D6C634-BDE5-4818-B7CB-2E9250EE2B12}.Debug|Any CPU.Build.0 = Debug|Any CPU
		{73D6C634-BDE5-4818-B7CB-2E9250EE2B12}.Release|Any CPU.ActiveCfg = Release|Any CPU
		{73D6C634-BDE5-4818-B7CB-2E9250EE2B12}.Release|Any CPU.Build.0 = Release|Any CPU
	EndGlobalSection
	GlobalSection(SolutionProperties) = preSolution
		HideSolutionNode = FALSE
	EndGlobalSection
	GlobalSection(NestedProjects) = preSolution
		{29578F42-AB88-457C-89D7-A406B59B93DE} = {3FD9F3E2-79AE-4992-8EA2-06542EB5F5F3}
		{27F0C067-F635-42B4-8BC4-B154A21C70D7} = {77CCA813-E1E3-4870-870C-41888608B478}
		{DB99F991-FB9C-4849-9C4F-03D70B656D4C} = {2E9ACE51-8759-4B27-8236-58A8AF3A0147}
		{73D6C634-BDE5-4818-B7CB-2E9250EE2B12} = {E72D477F-242D-4495-9F53-F0D4B4CBE490}
	EndGlobalSection
	GlobalSection(ExtensibilityGlobals) = postSolution
		SolutionGuid = {5A1CB83A-B0E9-4F43-9EBC-BD08478954C5}
	EndGlobalSection
EndGlobal
